
Microsoft Visual Studio Solution File, Format Version 12.00
# Visual Studio Version 17
VisualStudioVersion = 17.13.35828.75 d17.13
MinimumVisualStudioVersion = 10.0.40219.1
Project("{FAE04EC0-301F-11D3-BF4B-00C04F79EFBC}") = "ChatBot-Demo", "ChatBot-Demo\ChatBot-Demo.csproj", "{A6F0C4D8-E1A3-4BB0-AB2D-CF4CE5BEAD02}"
EndProject
Global
	GlobalSection(SolutionConfigurationPlatforms) = preSolution
		Debug|Any CPU = Debug|Any CPU
		Release|Any CPU = Release|Any CPU
	EndGlobalSection
	GlobalSection(ProjectConfigurationPlatforms) = postSolution
		{A6F0C4D8-E1A3-4BB0-AB2D-CF4CE5BEAD02}.Debug|Any CPU.ActiveCfg = Debug|Any CPU
		{A6F0C4D8-E1A3-4BB0-AB2D-CF4CE5BEAD02}.Debug|Any CPU.Build.0 = Debug|Any CPU
		{A6F0C4D8-E1A3-4BB0-AB2D-CF4CE5BEAD02}.Release|Any CPU.ActiveCfg = Release|Any CPU
		{A6F0C4D8-E1A3-4BB0-AB2D-CF4CE5BEAD02}.Release|Any CPU.Build.0 = Release|Any CPU
	EndGlobalSection
	GlobalSection(SolutionProperties) = preSolution
		HideSolutionNode = FALSE
	EndGlobalSection
	GlobalSection(ExtensibilityGlobals) = postSolution
		SolutionGuid = {D5D4DD1C-64D5-4FA4-959E-EAAF6CC869E6}
	EndGlobalSection
EndGlobal
